
Microsoft Visual Studio Solution File, Format Version 10.00
# Visual Studio 2008
Project("{FAE04EC0-301F-11D3-BF4B-00C04F79EFBC}") = "MAP", "MAP\MAP.csproj", "{FD566E66-8C90-40A5-8706-AE1CCC962656}"
EndProject
Project("{FAE04EC0-301F-11D3-BF4B-00C04F79EFBC}") = "PDFExport", "PDFExport\PDFExport\PDFExport.csproj", "{5621E172-D1F0-4CFC-AEF9-60F205B69631}"
EndProject
Project("{E24C65DC-7377-472B-9ABA-BC803B73C61A}") = "MAPA_website", "MAPA_website\", "{AC1892AD-B522-439F-9AFD-6DE5289F4069}"
	ProjectSection(WebsiteProperties) = preProject
		TargetFramework = "3.5"
		Debug.AspNetCompiler.VirtualPath = "/MAPA_website"
		Debug.AspNetCompiler.PhysicalPath = "MAPA_website\"
		Debug.AspNetCompiler.TargetPath = "PrecompiledWeb\MAPA_website\"
		Debug.AspNetCompiler.Updateable = "true"
		Debug.AspNetCompiler.ForceOverwrite = "true"
		Debug.AspNetCompiler.FixedNames = "false"
		Debug.AspNetCompiler.Debug = "True"
		Release.AspNetCompiler.VirtualPath = "/MAPA_website"
		Release.AspNetCompiler.PhysicalPath = "MAPA_website\"
		Release.AspNetCompiler.TargetPath = "PrecompiledWeb\MAPA_website\"
		Release.AspNetCompiler.Updateable = "true"
		Release.AspNetCompiler.ForceOverwrite = "true"
		Release.AspNetCompiler.FixedNames = "false"
		Release.AspNetCompiler.Debug = "False"
		VWDPort = "54414"
	EndProjectSection
EndProject
Global
	GlobalSection(SolutionConfigurationPlatforms) = preSolution
		Debug|.NET = Debug|.NET
		Debug|Any CPU = Debug|Any CPU
		Debug|Mixed Platforms = Debug|Mixed Platforms
		Release|.NET = Release|.NET
		Release|Any CPU = Release|Any CPU
		Release|Mixed Platforms = Release|Mixed Platforms
	EndGlobalSection
	GlobalSection(ProjectConfigurationPlatforms) = postSolution
		{FD566E66-8C90-40A5-8706-AE1CCC962656}.Debug|.NET.ActiveCfg = Debug|Any CPU
		{FD566E66-8C90-40A5-8706-AE1CCC962656}.Debug|Any CPU.ActiveCfg = Debug|Any CPU
		{FD566E66-8C90-40A5-8706-AE1CCC962656}.Debug|Any CPU.Build.0 = Debug|Any CPU
		{FD566E66-8C90-40A5-8706-AE1CCC962656}.Debug|Mixed Platforms.ActiveCfg = Debug|Any CPU
		{FD566E66-8C90-40A5-8706-AE1CCC962656}.Debug|Mixed Platforms.Build.0 = Debug|Any CPU
		{FD566E66-8C90-40A5-8706-AE1CCC962656}.Release|.NET.ActiveCfg = Release|Any CPU
		{FD566E66-8C90-40A5-8706-AE1CCC962656}.Release|Any CPU.ActiveCfg = Release|Any CPU
		{FD566E66-8C90-40A5-8706-AE1CCC962656}.Release|Any CPU.Build.0 = Release|Any CPU
		{FD566E66-8C90-40A5-8706-AE1CCC962656}.Release|Mixed Platforms.ActiveCfg = Release|Any CPU
		{FD566E66-8C90-40A5-8706-AE1CCC962656}.Release|Mixed Platforms.Build.0 = Release|Any CPU
		{5621E172-D1F0-4CFC-AEF9-60F205B69631}.Debug|.NET.ActiveCfg = Debug|Any CPU
		{5621E172-D1F0-4CFC-AEF9-60F205B69631}.Debug|Any CPU.ActiveCfg = Debug|Any CPU
		{5621E172-D1F0-4CFC-AEF9-60F205B69631}.Debug|Any CPU.Build.0 = Debug|Any CPU
		{5621E172-D1F0-4CFC-AEF9-60F205B69631}.Debug|Mixed Platforms.ActiveCfg = Debug|Any CPU
		{5621E172-D1F0-4CFC-AEF9-60F205B69631}.Debug|Mixed Platforms.Build.0 = Debug|Any CPU
		{5621E172-D1F0-4CFC-AEF9-60F205B69631}.Release|.NET.ActiveCfg = Release|Any CPU
		{5621E172-D1F0-4CFC-AEF9-60F205B69631}.Release|Any CPU.ActiveCfg = Release|Any CPU
		{5621E172-D1F0-4CFC-AEF9-60F205B69631}.Release|Any CPU.Build.0 = Release|Any CPU
		{5621E172-D1F0-4CFC-AEF9-60F205B69631}.Release|Mixed Platforms.ActiveCfg = Release|Any CPU
		{5621E172-D1F0-4CFC-AEF9-60F205B69631}.Release|Mixed Platforms.Build.0 = Release|Any CPU
		{AC1892AD-B522-439F-9AFD-6DE5289F4069}.Debug|.NET.ActiveCfg = Debug|.NET
		{AC1892AD-B522-439F-9AFD-6DE5289F4069}.Debug|.NET.Build.0 = Debug|.NET
		{AC1892AD-B522-439F-9AFD-6DE5289F4069}.Debug|Any CPU.ActiveCfg = Debug|.NET
		{AC1892AD-B522-439F-9AFD-6DE5289F4069}.Debug|Mixed Platforms.ActiveCfg = Debug|.NET
		{AC1892AD-B522-439F-9AFD-6DE5289F4069}.Debug|Mixed Platforms.Build.0 = Debug|.NET
		{AC1892AD-B522-439F-9AFD-6DE5289F4069}.Release|.NET.ActiveCfg = Debug|.NET
		{AC1892AD-B522-439F-9AFD-6DE5289F4069}.Release|.NET.Build.0 = Debug|.NET
		{AC1892AD-B522-439F-9AFD-6DE5289F4069}.Release|Any CPU.ActiveCfg = Debug|.NET
		{AC1892AD-B522-439F-9AFD-6DE5289F4069}.Release|Mixed Platforms.ActiveCfg = Debug|.NET
		{AC1892AD-B522-439F-9AFD-6DE5289F4069}.Release|Mixed Platforms.Build.0 = Debug|.NET
	EndGlobalSection
	GlobalSection(SolutionProperties) = preSolution
		HideSolutionNode = FALSE
	EndGlobalSection
EndGlobal
